<?xml version="1.0" encoding="utf-8"?>
<Project ToolsVersion="4.0" xmlns="http://schemas.microsoft.com/developer/msbuild/2003">
  <ItemGroup>
    <Filter Include="Source Files">
      <UniqueIdentifier>{4FC737F1-C7A5-4376-A066-2A32D752A2FF}</UniqueIdentifier>
      <Extensions>cpp;c;cc;cxx;def;odl;idl;hpj;bat;asm;asmx</Extensions>
    </Filter>
    <Filter Include="Header Files">
      <UniqueIdentifier>{93995380-89BD-4b04-88EB-625FBE52EBFB}</UniqueIdentifier>
      <Extensions>h;hh;hpp;hxx;hm;inl;inc;xsd</Extensions>
    </Filter>
    <Filter Include="Resource Files">
      <UniqueIdentifier>{67DA6AB6-F800-4c08-8B7A-83BB121AAD01}</UniqueIdentifier>
      <Extensions>rc;ico;cur;bmp;dlg;rc2;rct;bin;rgs;gif;jpg;jpeg;jpe;resx;tiff;tif;png;wav;mfcribbon-ms</Extensions>
    </Filter>
    <Filter Include="Header Files\classes">
      <UniqueIdentifier>{82a74ba9-b2ea-482c-8b57-49ee9f094a5d}</UniqueIdentifier>
    </Filter>
    <Filter Include="Header Files\functions">
      <UniqueIdentifier>{ffb85763-17db-4a4b-9a9c-3e93081746b2}</UniqueIdentifier>
    </Filter>
    <Filter Include="Source Files\classes">
      <UniqueIdentifier>{6c0c3aae-0868-4640-a6a3-fc213b969fa2}</UniqueIdentifier>
    </Filter>
    <Filter Include="Source Files\functions">
      <UniqueIdentifier>{e96cc2c2-9f43-4192-ac1b-0d100f4e8f3d}</UniqueIdentifier>
    </Filter>
    <Filter Include="Header Files\structures">
      <UniqueIdentifier>{0bdd91c1-cc62-4dcc-900c-30dacf95cdd7}</UniqueIdentifier>
    </Filter>
    <Filter Include="Source Files\structures">
      <UniqueIdentifier>{fab8b2c2-d36f-4e10-9b2e-0178abcfbfce}</UniqueIdentifier>
    </Filter>
  </ItemGroup>
  <ItemGroup>
    <ClInclude Include="plugin.h">
      <Filter>Header Files</Filter>
    </ClInclude>
    <ClInclude Include="Main.h">
      <Filter>Header Files</Filter>
    </ClInclude>
    <ClInclude Include="CCore.h">
      <Filter>Header Files</Filter>
    </ClInclude>
    <ClInclude Include="CScript.h">
      <Filter>Header Files</Filter>
    </ClInclude>
    <ClInclude Include="SLListNode.h">
      <Filter>Header Files</Filter>
    </ClInclude>
    <ClInclude Include="SScriptEvents.h">
      <Filter>Header Files</Filter>
    </ClInclude>
    <ClInclude Include="SSquirrelFunction.h">
      <Filter>Header Files</Filter>
    </ClInclude>
    <ClInclude Include="CVMPopulator.h">
      <Filter>Header Files</Filter>
    </ClInclude>
    <ClInclude Include="CCallbackHandler.h">
      <Filter>Header Files</Filter>
    </ClInclude>
    <ClInclude Include="CConsole.h">
      <Filter>Header Files</Filter>
    </ClInclude>
    <ClInclude Include="CSQIO.h">
      <Filter>Header Files</Filter>
    </ClInclude>
    <ClInclude Include="CUtilities.h">
      <Filter>Header Files</Filter>
    </ClInclude>
    <ClInclude Include="CScriptEvents.h">
      <Filter>Header Files</Filter>
    </ClInclude>
    <ClInclude Include="classes\CPlayer.h">
      <Filter>Header Files\classes</Filter>
    </ClInclude>
    <ClInclude Include="classes\CVehicle.h">
      <Filter>Header Files\classes</Filter>
    </ClInclude>
    <ClInclude Include="classes\CPickup.h">
      <Filter>Header Files\classes</Filter>
    </ClInclude>
    <ClInclude Include="classes\CTimer.h">
      <Filter>Header Files\classes</Filter>
    </ClInclude>
    <ClInclude Include="classes\CObject.h">
      <Filter>Header Files\classes</Filter>
    </ClInclude>
    <ClInclude Include="classes\CTextdraw.h">
      <Filter>Header Files\classes</Filter>
    </ClInclude>
    <ClInclude Include="structures\CVector.h">
      <Filter>Header Files\structures</Filter>
    </ClInclude>
    <ClInclude Include="structures\CQuaternion.h">
      <Filter>Header Files\structures</Filter>
    </ClInclude>
    <ClInclude Include="structures\CRGBA.h">
      <Filter>Header Files\structures</Filter>
    </ClInclude>
    <ClInclude Include="structures\CRGB.h">
      <Filter>Header Files\structures</Filter>
    </ClInclude>
    <ClInclude Include="structures\CARGB.h">
      <Filter>Header Files\structures</Filter>
    </ClInclude>
    <ClInclude Include="structures\CBounds.h">
      <Filter>Header Files\structures</Filter>
    </ClInclude>
    <ClInclude Include="structures\CWastedSettings.h">
      <Filter>Header Files\structures</Filter>
    </ClInclude>
    <ClInclude Include="functions\CWorldFunctions.h">
      <Filter>Header Files\functions</Filter>
    </ClInclude>
    <ClInclude Include="functions\CServerFunctions.h">
      <Filter>Header Files\functions</Filter>
    </ClInclude>
    <ClInclude Include="functions\CEntityFunctions.h">
      <Filter>Header Files\functions</Filter>
    </ClInclude>
    <ClInclude Include="functions\CRuleFunctions.h">
      <Filter>Header Files\functions</Filter>
    </ClInclude>
    <ClInclude Include="functions\CMiscFunctions.h">
      <Filter>Header Files\functions</Filter>
    </ClInclude>
    <ClInclude Include="classes\CSprite.h">
      <Filter>Header Files\classes</Filter>
    </ClInclude>
    <ClInclude Include="functions\CCompatFunctions.h">
      <Filter>Header Files\functions</Filter>
    </ClInclude>
    <ClInclude Include="classes\IEntity.h">
      <Filter>Header Files\classes</Filter>
    </ClInclude>
    <ClInclude Include="structures\IRefreshableStructure.h">
      <Filter>Header Files\structures</Filter>
    </ClInclude>
    <ClInclude Include="CEntityPool.h">
      <Filter>Header Files</Filter>
    </ClInclude>
  </ItemGroup>
  <ItemGroup>
    <ClCompile Include="Main.cpp">
      <Filter>Source Files</Filter>
    </ClCompile>
    <ClCompile Include="CCore.cpp">
      <Filter>Source Files</Filter>
    </ClCompile>
    <ClCompile Include="CConsole.cpp">
      <Filter>Source Files</Filter>
    </ClCompile>
    <ClCompile Include="CCallbackHandler.cpp">
      <Filter>Source Files</Filter>
    </ClCompile>
    <ClCompile Include="CSQIO.cpp">
      <Filter>Source Files</Filter>
    </ClCompile>
    <ClCompile Include="CScript.cpp">
      <Filter>Source Files</Filter>
    </ClCompile>
    <ClCompile Include="CVMPopulator.cpp">
      <Filter>Source Files</Filter>
    </ClCompile>
    <ClCompile Include="CScriptEvents.cpp">
      <Filter>Source Files</Filter>
    </ClCompile>
    <ClCompile Include="functions\CCompatFunctions.cpp">
      <Filter>Source Files\functions</Filter>
    </ClCompile>
    <ClCompile Include="functions\CEntityFunctions.cpp">
      <Filter>Source Files\functions</Filter>
    </ClCompile>
    <ClCompile Include="functions\CMiscFunctions.cpp">
      <Filter>Source Files\functions</Filter>
    </ClCompile>
    <ClCompile Include="functions\CRuleFunctions.cpp">
      <Filter>Source Files\functions</Filter>
    </ClCompile>
    <ClCompile Include="functions\CServerFunctions.cpp">
      <Filter>Source Files\functions</Filter>
    </ClCompile>
    <ClCompile Include="functions\CWorldFunctions.cpp">
      <Filter>Source Files\functions</Filter>
    </ClCompile>
    <ClCompile Include="classes\CPlayer.cpp">
      <Filter>Source Files\classes</Filter>
    </ClCompile>
    <ClCompile Include="classes\CPickup.cpp">
      <Filter>Source Files\classes</Filter>
    </ClCompile>
    <ClCompile Include="classes\CObject.cpp">
      <Filter>Source Files\classes</Filter>
    </ClCompile>
  </ItemGroup>
</Project>